
Microsoft Visual Studio Solution File, Format Version 12.00
# Visual Studio Version 16
VisualStudioVersion = 16.0.30114.105
MinimumVisualStudioVersion = 10.0.40219.1
Project("{9A19103F-16F7-4668-BE54-9A1E7A4F7556}") = "Dominio", "Dominio\Dominio.csproj", "{E5A25B87-FDFA-448D-BBD4-FC06D1DC6CFB}"
EndProject
Project("{9A19103F-16F7-4668-BE54-9A1E7A4F7556}") = "Aplicacion", "Aplicacion\Aplicacion.csproj", "{9D1BCCC8-1DD7-45ED-A83C-09714C01CB64}"
EndProject
Project("{9A19103F-16F7-4668-BE54-9A1E7A4F7556}") = "Persistencia", "Persistencia\Persistencia.csproj", "{D358A370-F799-4372-BCA4-75A6914CB5E2}"
EndProject
Project("{9A19103F-16F7-4668-BE54-9A1E7A4F7556}") = "WebAPI", "WebAPI\WebAPI.csproj", "{1881D1DB-3E17-4E59-96C2-12666620496C}"
EndProject
Project("{FAE04EC0-301F-11D3-BF4B-00C04F79EFBC}") = "Seguridad", "Seguridad\Seguridad.csproj", "{955E497E-E7DF-450B-B7AF-E9F62130B621}"
EndProject
Global
	GlobalSection(SolutionConfigurationPlatforms) = preSolution
		Debug|Any CPU = Debug|Any CPU
		Debug|x64 = Debug|x64
		Debug|x86 = Debug|x86
		Release|Any CPU = Release|Any CPU
		Release|x64 = Release|x64
		Release|x86 = Release|x86
	EndGlobalSection
	GlobalSection(ProjectConfigurationPlatforms) = postSolution
		{E5A25B87-FDFA-448D-BBD4-FC06D1DC6CFB}.Debug|Any CPU.ActiveCfg = Debug|Any CPU
		{E5A25B87-FDFA-448D-BBD4-FC06D1DC6CFB}.Debug|Any CPU.Build.0 = Debug|Any CPU
		{E5A25B87-FDFA-448D-BBD4-FC06D1DC6CFB}.Debug|x64.ActiveCfg = Debug|Any CPU
		{E5A25B87-FDFA-448D-BBD4-FC06D1DC6CFB}.Debug|x64.Build.0 = Debug|Any CPU
		{E5A25B87-FDFA-448D-BBD4-FC06D1DC6CFB}.Debug|x86.ActiveCfg = Debug|Any CPU
		{E5A25B87-FDFA-448D-BBD4-FC06D1DC6CFB}.Debug|x86.Build.0 = Debug|Any CPU
		{E5A25B87-FDFA-448D-BBD4-FC06D1DC6CFB}.Release|Any CPU.ActiveCfg = Release|Any CPU
		{E5A25B87-FDFA-448D-BBD4-FC06D1DC6CFB}.Release|Any CPU.Build.0 = Release|Any CPU
		{E5A25B87-FDFA-448D-BBD4-FC06D1DC6CFB}.Release|x64.ActiveCfg = Release|Any CPU
		{E5A25B87-FDFA-448D-BBD4-FC06D1DC6CFB}.Release|x64.Build.0 = Release|Any CPU
		{E5A25B87-FDFA-448D-BBD4-FC06D1DC6CFB}.Release|x86.ActiveCfg = Release|Any CPU
		{E5A25B87-FDFA-448D-BBD4-FC06D1DC6CFB}.Release|x86.Build.0 = Release|Any CPU
		{9D1BCCC8-1DD7-45ED-A83C-09714C01CB64}.Debug|Any CPU.ActiveCfg = Debug|Any CPU
		{9D1BCCC8-1DD7-45ED-A83C-09714C01CB64}.Debug|Any CPU.Build.0 = Debug|Any CPU
		{9D1BCCC8-1DD7-45ED-A83C-09714C01CB64}.Debug|x64.ActiveCfg = Debug|Any CPU
		{9D1BCCC8-1DD7-45ED-A83C-09714C01CB64}.Debug|x64.Build.0 = Debug|Any CPU
		{9D1BCCC8-1DD7-45ED-A83C-09714C01CB64}.Debug|x86.ActiveCfg = Debug|Any CPU
		{9D1BCCC8-1DD7-45ED-A83C-09714C01CB64}.Debug|x86.Build.0 = Debug|Any CPU
		{9D1BCCC8-1DD7-45ED-A83C-09714C01CB64}.Release|Any CPU.ActiveCfg = Release|Any CPU
		{9D1BCCC8-1DD7-45ED-A83C-09714C01CB64}.Release|Any CPU.Build.0 = Release|Any CPU
		{9D1BCCC8-1DD7-45ED-A83C-09714C01CB64}.Release|x64.ActiveCfg = Release|Any CPU
		{9D1BCCC8-1DD7-45ED-A83C-09714C01CB64}.Release|x64.Build.0 = Release|Any CPU
		{9D1BCCC8-1DD7-45ED-A83C-09714C01CB64}.Release|x86.ActiveCfg = Release|Any CPU
		{9D1BCCC8-1DD7-45ED-A83C-09714C01CB64}.Release|x86.Build.0 = Release|Any CPU
		{D358A370-F799-4372-BCA4-75A6914CB5E2}.Debug|Any CPU.ActiveCfg = Debug|Any CPU
		{D358A370-F799-4372-BCA4-75A6914CB5E2}.Debug|Any CPU.Build.0 = Debug|Any CPU
		{D358A370-F799-4372-BCA4-75A6914CB5E2}.Debug|x64.ActiveCfg = Debug|Any CPU
		{D358A370-F799-4372-BCA4-75A6914CB5E2}.Debug|x64.Build.0 = Debug|Any CPU
		{D358A370-F799-4372-BCA4-75A6914CB5E2}.Debug|x86.ActiveCfg = Debug|Any CPU
		{D358A370-F799-4372-BCA4-75A6914CB5E2}.Debug|x86.Build.0 = Debug|Any CPU
		{D358A370-F799-4372-BCA4-75A6914CB5E2}.Release|Any CPU.ActiveCfg = Release|Any CPU
		{D358A370-F799-4372-BCA4-75A6914CB5E2}.Release|Any CPU.Build.0 = Release|Any CPU
		{D358A370-F799-4372-BCA4-75A6914CB5E2}.Release|x64.ActiveCfg = Release|Any CPU
		{D358A370-F799-4372-BCA4-75A6914CB5E2}.Release|x64.Build.0 = Release|Any CPU
		{D358A370-F799-4372-BCA4-75A6914CB5E2}.Release|x86.ActiveCfg = Release|Any CPU
		{D358A370-F799-4372-BCA4-75A6914CB5E2}.Release|x86.Build.0 = Release|Any CPU
		{1881D1DB-3E17-4E59-96C2-12666620496C}.Debug|Any CPU.ActiveCfg = Debug|Any CPU
		{1881D1DB-3E17-4E59-96C2-12666620496C}.Debug|Any CPU.Build.0 = Debug|Any CPU
		{1881D1DB-3E17-4E59-96C2-12666620496C}.Debug|x64.ActiveCfg = Debug|Any CPU
		{1881D1DB-3E17-4E59-96C2-12666620496C}.Debug|x64.Build.0 = Debug|Any CPU
		{1881D1DB-3E17-4E59-96C2-12666620496C}.Debug|x86.ActiveCfg = Debug|Any CPU
		{1881D1DB-3E17-4E59-96C2-12666620496C}.Debug|x86.Build.0 = Debug|Any CPU
		{1881D1DB-3E17-4E59-96C2-12666620496C}.Release|Any CPU.ActiveCfg = Release|Any CPU
		{1881D1DB-3E17-4E59-96C2-12666620496C}.Release|Any CPU.Build.0 = Release|Any CPU
		{1881D1DB-3E17-4E59-96C2-12666620496C}.Release|x64.ActiveCfg = Release|Any CPU
		{1881D1DB-3E17-4E59-96C2-12666620496C}.Release|x64.Build.0 = Release|Any CPU
		{1881D1DB-3E17-4E59-96C2-12666620496C}.Release|x86.ActiveCfg = Release|Any CPU
		{1881D1DB-3E17-4E59-96C2-12666620496C}.Release|x86.Build.0 = Release|Any CPU
		{955E497E-E7DF-450B-B7AF-E9F62130B621}.Debug|Any CPU.ActiveCfg = Debug|Any CPU
		{955E497E-E7DF-450B-B7AF-E9F62130B621}.Debug|Any CPU.Build.0 = Debug|Any CPU
		{955E497E-E7DF-450B-B7AF-E9F62130B621}.Debug|x64.ActiveCfg = Debug|Any CPU
		{955E497E-E7DF-450B-B7AF-E9F62130B621}.Debug|x64.Build.0 = Debug|Any CPU
		{955E497E-E7DF-450B-B7AF-E9F62130B621}.Debug|x86.ActiveCfg = Debug|Any CPU
		{955E497E-E7DF-450B-B7AF-E9F62130B621}.Debug|x86.Build.0 = Debug|Any CPU
		{955E497E-E7DF-450B-B7AF-E9F62130B621}.Release|Any CPU.ActiveCfg = Release|Any CPU
		{955E497E-E7DF-450B-B7AF-E9F62130B621}.Release|Any CPU.Build.0 = Release|Any CPU
		{955E497E-E7DF-450B-B7AF-E9F62130B621}.Release|x64.ActiveCfg = Release|Any CPU
		{955E497E-E7DF-450B-B7AF-E9F62130B621}.Release|x64.Build.0 = Release|Any CPU
		{955E497E-E7DF-450B-B7AF-E9F62130B621}.Release|x86.ActiveCfg = Release|Any CPU
		{955E497E-E7DF-450B-B7AF-E9F62130B621}.Release|x86.Build.0 = Release|Any CPU
	EndGlobalSection
	GlobalSection(SolutionProperties) = preSolution
		HideSolutionNode = FALSE
	EndGlobalSection
	GlobalSection(ExtensibilityGlobals) = postSolution
		SolutionGuid = {E6DC1778-1BDD-4FA7-925E-6C8CCF7E8E30}
	EndGlobalSection
EndGlobal
